
Microsoft Visual Studio Solution File, Format Version 12.00
# Visual Studio Version 17
VisualStudioVersion = 17.5.33424.131
MinimumVisualStudioVersion = 10.0.40219.1
Project("{9A19103F-16F7-4668-BE54-9A1E7A4F7556}") = "MuonRoiSocialNetwork", "MuonRoiSocialNetwork\MuonRoiSocialNetwork.csproj", "{2A22B71C-4B58-41E1-A953-C8F4BA8B5672}"
EndProject
Project("{FAE04EC0-301F-11D3-BF4B-00C04F79EFBC}") = "MuonRoiSocialNetwork.Common", "MuonRoiSocialNetwork.Common\MuonRoiSocialNetwork.Common.csproj", "{81220899-C466-4BFE-A71B-F8A8514E7125}"
EndProject
Project("{FAE04EC0-301F-11D3-BF4B-00C04F79EFBC}") = "MuonRoiSocialNetwork.Test", "MuonRoiSocialNetwork.Test\MuonRoiSocialNetwork.Test.csproj", "{68A75408-DA5F-44AD-8A8F-FCFB1B1C6D50}"
EndProject
Global
	GlobalSection(SolutionConfigurationPlatforms) = preSolution
		Debug|Any CPU = Debug|Any CPU
		Release|Any CPU = Release|Any CPU
	EndGlobalSection
	GlobalSection(ProjectConfigurationPlatforms) = postSolution
		{2A22B71C-4B58-41E1-A953-C8F4BA8B5672}.Debug|Any CPU.ActiveCfg = Debug|Any CPU
		{2A22B71C-4B58-41E1-A953-C8F4BA8B5672}.Debug|Any CPU.Build.0 = Debug|Any CPU
		{2A22B71C-4B58-41E1-A953-C8F4BA8B5672}.Release|Any CPU.ActiveCfg = Release|Any CPU
		{2A22B71C-4B58-41E1-A953-C8F4BA8B5672}.Release|Any CPU.Build.0 = Release|Any CPU
		{81220899-C466-4BFE-A71B-F8A8514E7125}.Debug|Any CPU.ActiveCfg = Debug|Any CPU
		{81220899-C466-4BFE-A71B-F8A8514E7125}.Debug|Any CPU.Build.0 = Debug|Any CPU
		{81220899-C466-4BFE-A71B-F8A8514E7125}.Release|Any CPU.ActiveCfg = Release|Any CPU
		{81220899-C466-4BFE-A71B-F8A8514E7125}.Release|Any CPU.Build.0 = Release|Any CPU
		{68A75408-DA5F-44AD-8A8F-FCFB1B1C6D50}.Debug|Any CPU.ActiveCfg = Debug|Any CPU
		{68A75408-DA5F-44AD-8A8F-FCFB1B1C6D50}.Debug|Any CPU.Build.0 = Debug|Any CPU
		{68A75408-DA5F-44AD-8A8F-FCFB1B1C6D50}.Release|Any CPU.ActiveCfg = Release|Any CPU
		{68A75408-DA5F-44AD-8A8F-FCFB1B1C6D50}.Release|Any CPU.Build.0 = Release|Any CPU
	EndGlobalSection
	GlobalSection(SolutionProperties) = preSolution
		HideSolutionNode = FALSE
	EndGlobalSection
	GlobalSection(ExtensibilityGlobals) = postSolution
		SolutionGuid = {BD91CCFC-AD99-4FFF-B346-B06DAB67826C}
	EndGlobalSection
EndGlobal
